
Microsoft Visual Studio Solution File, Format Version 12.00
# Visual Studio Version 17
VisualStudioVersion = 17.9.34728.123
MinimumVisualStudioVersion = 10.0.40219.1
Project("{FAE04EC0-301F-11D3-BF4B-00C04F79EFBC}") = "PROJECT PSD LAB", "PROJECT PSD LAB\PROJECT PSD LAB.csproj", "{26EE0B44-EF16-42DD-9D65-6482B5B28003}"
EndProject
Global
	GlobalSection(SolutionConfigurationPlatforms) = preSolution
		Debug|Any CPU = Debug|Any CPU
		Release|Any CPU = Release|Any CPU
	EndGlobalSection
	GlobalSection(ProjectConfigurationPlatforms) = postSolution
		{26EE0B44-EF16-42DD-9D65-6482B5B28003}.Debug|Any CPU.ActiveCfg = Debug|Any CPU
		{26EE0B44-EF16-42DD-9D65-6482B5B28003}.Debug|Any CPU.Build.0 = Debug|Any CPU
		{26EE0B44-EF16-42DD-9D65-6482B5B28003}.Release|Any CPU.ActiveCfg = Release|Any CPU
		{26EE0B44-EF16-42DD-9D65-6482B5B28003}.Release|Any CPU.Build.0 = Release|Any CPU
	EndGlobalSection
	GlobalSection(SolutionProperties) = preSolution
		HideSolutionNode = FALSE
	EndGlobalSection
	GlobalSection(ExtensibilityGlobals) = postSolution
		SolutionGuid = {79EF562D-047B-4923-BC85-CC2B54113052}
	EndGlobalSection
EndGlobal
